
Microsoft Visual Studio Solution File, Format Version 12.00
# Visual Studio Version 16
VisualStudioVersion = 16.0.32602.291
MinimumVisualStudioVersion = 10.0.40219.1
Project("{FAE04EC0-301F-11D3-BF4B-00C04F79EFBC}") = "MediumFeed.Android", "MediumFeed.Android\MediumFeed.Android.csproj", "{DD851669-FE28-4EC0-A3F9-B1BFAA869364}"
EndProject
Project("{FAE04EC0-301F-11D3-BF4B-00C04F79EFBC}") = "MediumFeed.iOS", "MediumFeed.iOS\MediumFeed.iOS.csproj", "{FDF90E8A-333D-4307-B7A2-B30882450DF8}"
EndProject
Project("{FAE04EC0-301F-11D3-BF4B-00C04F79EFBC}") = "MediumFeed", "MediumFeed\MediumFeed.csproj", "{B49EC1F0-B90F-412D-A72E-DBE3B96C0435}"
EndProject
Global
	GlobalSection(SolutionConfigurationPlatforms) = preSolution
		Debug|Any CPU = Debug|Any CPU
		Debug|iPhone = Debug|iPhone
		Debug|iPhoneSimulator = Debug|iPhoneSimulator
		Release|Any CPU = Release|Any CPU
		Release|iPhone = Release|iPhone
		Release|iPhoneSimulator = Release|iPhoneSimulator
	EndGlobalSection
	GlobalSection(ProjectConfigurationPlatforms) = postSolution
		{DD851669-FE28-4EC0-A3F9-B1BFAA869364}.Debug|Any CPU.ActiveCfg = Debug|Any CPU
		{DD851669-FE28-4EC0-A3F9-B1BFAA869364}.Debug|Any CPU.Build.0 = Debug|Any CPU
		{DD851669-FE28-4EC0-A3F9-B1BFAA869364}.Debug|Any CPU.Deploy.0 = Debug|Any CPU
		{DD851669-FE28-4EC0-A3F9-B1BFAA869364}.Debug|iPhone.ActiveCfg = Debug|Any CPU
		{DD851669-FE28-4EC0-A3F9-B1BFAA869364}.Debug|iPhone.Build.0 = Debug|Any CPU
		{DD851669-FE28-4EC0-A3F9-B1BFAA869364}.Debug|iPhone.Deploy.0 = Debug|Any CPU
		{DD851669-FE28-4EC0-A3F9-B1BFAA869364}.Debug|iPhoneSimulator.ActiveCfg = Debug|Any CPU
		{DD851669-FE28-4EC0-A3F9-B1BFAA869364}.Debug|iPhoneSimulator.Build.0 = Debug|Any CPU
		{DD851669-FE28-4EC0-A3F9-B1BFAA869364}.Debug|iPhoneSimulator.Deploy.0 = Debug|Any CPU
		{DD851669-FE28-4EC0-A3F9-B1BFAA869364}.Release|Any CPU.ActiveCfg = Release|Any CPU
		{DD851669-FE28-4EC0-A3F9-B1BFAA869364}.Release|Any CPU.Build.0 = Release|Any CPU
		{DD851669-FE28-4EC0-A3F9-B1BFAA869364}.Release|Any CPU.Deploy.0 = Release|Any CPU
		{DD851669-FE28-4EC0-A3F9-B1BFAA869364}.Release|iPhone.ActiveCfg = Release|Any CPU
		{DD851669-FE28-4EC0-A3F9-B1BFAA869364}.Release|iPhone.Build.0 = Release|Any CPU
		{DD851669-FE28-4EC0-A3F9-B1BFAA869364}.Release|iPhone.Deploy.0 = Release|Any CPU
		{DD851669-FE28-4EC0-A3F9-B1BFAA869364}.Release|iPhoneSimulator.ActiveCfg = Release|Any CPU
		{DD851669-FE28-4EC0-A3F9-B1BFAA869364}.Release|iPhoneSimulator.Build.0 = Release|Any CPU
		{DD851669-FE28-4EC0-A3F9-B1BFAA869364}.Release|iPhoneSimulator.Deploy.0 = Release|Any CPU
		{FDF90E8A-333D-4307-B7A2-B30882450DF8}.Debug|Any CPU.ActiveCfg = Debug|iPhone
		{FDF90E8A-333D-4307-B7A2-B30882450DF8}.Debug|Any CPU.Build.0 = Debug|iPhone
		{FDF90E8A-333D-4307-B7A2-B30882450DF8}.Debug|Any CPU.Deploy.0 = Debug|iPhone
		{FDF90E8A-333D-4307-B7A2-B30882450DF8}.Debug|iPhone.ActiveCfg = Debug|iPhone
		{FDF90E8A-333D-4307-B7A2-B30882450DF8}.Debug|iPhone.Build.0 = Debug|iPhone
		{FDF90E8A-333D-4307-B7A2-B30882450DF8}.Debug|iPhone.Deploy.0 = Debug|iPhone
		{FDF90E8A-333D-4307-B7A2-B30882450DF8}.Debug|iPhoneSimulator.ActiveCfg = Debug|iPhoneSimulator
		{FDF90E8A-333D-4307-B7A2-B30882450DF8}.Debug|iPhoneSimulator.Build.0 = Debug|iPhoneSimulator
		{FDF90E8A-333D-4307-B7A2-B30882450DF8}.Debug|iPhoneSimulator.Deploy.0 = Debug|iPhoneSimulator
		{FDF90E8A-333D-4307-B7A2-B30882450DF8}.Release|Any CPU.ActiveCfg = Release|iPhoneSimulator
		{FDF90E8A-333D-4307-B7A2-B30882450DF8}.Release|Any CPU.Build.0 = Release|iPhoneSimulator
		{FDF90E8A-333D-4307-B7A2-B30882450DF8}.Release|Any CPU.Deploy.0 = Release|iPhoneSimulator
		{FDF90E8A-333D-4307-B7A2-B30882450DF8}.Release|iPhone.ActiveCfg = Release|iPhone
		{FDF90E8A-333D-4307-B7A2-B30882450DF8}.Release|iPhone.Build.0 = Release|iPhone
		{FDF90E8A-333D-4307-B7A2-B30882450DF8}.Release|iPhone.Deploy.0 = Release|iPhone
		{FDF90E8A-333D-4307-B7A2-B30882450DF8}.Release|iPhoneSimulator.ActiveCfg = Release|iPhoneSimulator
		{FDF90E8A-333D-4307-B7A2-B30882450DF8}.Release|iPhoneSimulator.Build.0 = Release|iPhoneSimulator
		{FDF90E8A-333D-4307-B7A2-B30882450DF8}.Release|iPhoneSimulator.Deploy.0 = Release|iPhoneSimulator
		{B49EC1F0-B90F-412D-A72E-DBE3B96C0435}.Debug|Any CPU.ActiveCfg = Debug|Any CPU
		{B49EC1F0-B90F-412D-A72E-DBE3B96C0435}.Debug|Any CPU.Build.0 = Debug|Any CPU
		{B49EC1F0-B90F-412D-A72E-DBE3B96C0435}.Debug|Any CPU.Deploy.0 = Debug|Any CPU
		{B49EC1F0-B90F-412D-A72E-DBE3B96C0435}.Debug|iPhone.ActiveCfg = Debug|Any CPU
		{B49EC1F0-B90F-412D-A72E-DBE3B96C0435}.Debug|iPhone.Build.0 = Debug|Any CPU
		{B49EC1F0-B90F-412D-A72E-DBE3B96C0435}.Debug|iPhone.Deploy.0 = Debug|Any CPU
		{B49EC1F0-B90F-412D-A72E-DBE3B96C0435}.Debug|iPhoneSimulator.ActiveCfg = Debug|Any CPU
		{B49EC1F0-B90F-412D-A72E-DBE3B96C0435}.Debug|iPhoneSimulator.Build.0 = Debug|Any CPU
		{B49EC1F0-B90F-412D-A72E-DBE3B96C0435}.Debug|iPhoneSimulator.Deploy.0 = Debug|Any CPU
		{B49EC1F0-B90F-412D-A72E-DBE3B96C0435}.Release|Any CPU.ActiveCfg = Release|Any CPU
		{B49EC1F0-B90F-412D-A72E-DBE3B96C0435}.Release|Any CPU.Build.0 = Release|Any CPU
		{B49EC1F0-B90F-412D-A72E-DBE3B96C0435}.Release|Any CPU.Deploy.0 = Release|Any CPU
		{B49EC1F0-B90F-412D-A72E-DBE3B96C0435}.Release|iPhone.ActiveCfg = Release|Any CPU
		{B49EC1F0-B90F-412D-A72E-DBE3B96C0435}.Release|iPhone.Build.0 = Release|Any CPU
		{B49EC1F0-B90F-412D-A72E-DBE3B96C0435}.Release|iPhone.Deploy.0 = Release|Any CPU
		{B49EC1F0-B90F-412D-A72E-DBE3B96C0435}.Release|iPhoneSimulator.ActiveCfg = Release|Any CPU
		{B49EC1F0-B90F-412D-A72E-DBE3B96C0435}.Release|iPhoneSimulator.Build.0 = Release|Any CPU
		{B49EC1F0-B90F-412D-A72E-DBE3B96C0435}.Release|iPhoneSimulator.Deploy.0 = Release|Any CPU
	EndGlobalSection
	GlobalSection(SolutionProperties) = preSolution
		HideSolutionNode = FALSE
	EndGlobalSection
	GlobalSection(ExtensibilityGlobals) = postSolution
		SolutionGuid = {8AAACC44-EA9B-4444-9A69-230E2A8F0971}
	EndGlobalSection
EndGlobal
